{
    "name": "test-lib-minhaj",
    "version": "1.1.0",
    "lockfileVersion": 3,
    "requires": true,
    "packages": {
        "": {
            "name": "test-lib-minhaj",
            "version": "1.1.0",
            "workspaces": [
                "packages/*"
            ]
        },
        "node_modules/@test-lib-minhaj/test1": {
            "resolved": "packages/test1",
            "link": true
        },
        "node_modules/@test-lib-minhaj/test2": {
            "resolved": "packages/test2",
            "link": true
        },
        "packages/test1": {
            "name": "@test-lib-minhaj/test1",
            "version": "0.0.3",
            "license": "ISC"
        },
        "packages/test2": {
            "name": "@test-lib-minhaj/test2",
            "version": "0.0.31",
            "license": "ISC",
            "devDependencies": {
                "@test-lib-minhaj/test1": "*"
            },
            "peerDependencies": {
                "@test-lib-minhaj/test1": "^0.0.3"
            }
        }
    }
}
