{
    "name": "test2-lib-minhaj",
    "version": "0.0.23",
    "lockfileVersion": 3,
    "requires": true,
    "packages": {
        "": {
            "name": "test2-lib-minhaj",
            "version": "0.0.23",
            "license": "ISC",
            "peerDependencies": {
                "test-lib-minhaj": "^0.0.23"
            }
        }
    }
}
